version = 1
requires-python = ">=3.11"

[[package]]
name = "aiodns"
version = "3.5.0"
source = { registry = "https://pypi.org/simple" }
dependencies = [
    { name = "pycares" },
]
sdist = { url = "https://files.pythonhosted.org/packages/17/0a/163e5260cecc12de6abc259d158d9da3b8ec062ab863107dcdb1166cdcef/aiodns-3.5.0.tar.gz", hash = "sha256:11264edbab51896ecf546c18eb0dd56dff0428c6aa6d2cd87e643e07300eb310", size = 14380 }
wheels = [
    { url = "https://files.pythonhosted.org/packages/f6/2c/711076e5f5d0707b8ec55a233c8bfb193e0981a800cd1b3b123e8ff61ca1/aiodns-3.5.0-py3-none-any.whl", hash = "sha256:6d0404f7d5215849233f6ee44854f2bb2481adf71b336b2279016ea5990ca5c5", size = 8068 },
]

[[package]]
name = "aiosmtpd"
version = "1.4.6"
source = { registry = "https://pypi.org/simple" }
dependencies = [
    { name = "atpublic" },
    { name = "attrs" },
]
sdist = { url = "https://files.pythonhosted.org/packages/c4/ca/b2b7cc880403ef24be77383edaadfcf0098f5d7b9ddbf3e2c17ef0a6af0d/aiosmtpd-1.4.6.tar.gz", hash = "sha256:5a811826e1a5a06c25ebc3e6c4a704613eb9a1bcf6b78428fbe865f4f6c9a4b8", size = 152775 }
wheels = [
    { url = "https://files.pythonhosted.org/packages/ec/39/d401756df60a8344848477d54fdf4ce0f50531f6149f3b8eaae9c06ae3dc/aiosmtpd-1.4.6-py3-none-any.whl", hash = "sha256:72c99179ba5aa9ae0abbda6994668239b64a5ce054471955fe75f581d2592475", size = 154263 },
]

[[package]]
name = "atpublic"
version = "6.0.1"
source = { registry = "https://pypi.org/simple" }
sdist = { url = "https://files.pythonhosted.org/packages/20/40/e686038a07af08e8462a71dc9201867ffdde408b4d93be90a4ad0fbc83ef/atpublic-6.0.1.tar.gz", hash = "sha256:718932844f5bdfdf5d80ad4c64e13964f22274b4f8937d54a8d3811d6bc5dc05", size = 17520 }
wheels = [
    { url = "https://files.pythonhosted.org/packages/cd/37/66f9fcdd6a56ab3da53291c7501890246c39bc7b5891e27cd956efe127ca/atpublic-6.0.1-py3-none-any.whl", hash = "sha256:f9a23902faf5ca1fdc6436b3712d79452f71abc61a810d22be1f31b40a8004c5", size = 6421 },
]

[[package]]
name = "attrs"
version = "25.3.0"
source = { registry = "https://pypi.org/simple" }
sdist = { url = "https://files.pythonhosted.org/packages/5a/b0/1367933a8532ee6ff8d63537de4f1177af4bff9f3e829baf7331f595bb24/attrs-25.3.0.tar.gz", hash = "sha256:75d7cefc7fb576747b2c81b4442d4d4a1ce0900973527c011d1030fd3bf4af1b", size = 812032 }
wheels = [
    { url = "https://files.pythonhosted.org/packages/77/06/bb80f5f86020c4551da315d78b3ab75e8228f89f0162f2c3a819e407941a/attrs-25.3.0-py3-none-any.whl", hash = "sha256:427318ce031701fea540783410126f03899a97ffc6f61596ad581ac2e40e3bc3", size = 63815 },
]

[[package]]
name = "cffi"
version = "1.17.1"
source = { registry = "https://pypi.org/simple" }
dependencies = [
    { name = "pycparser" },
]
sdist = { url = "https://files.pythonhosted.org/packages/fc/97/c783634659c2920c3fc70419e3af40972dbaf758daa229a7d6ea6135c90d/cffi-1.17.1.tar.gz", hash = "sha256:1c39c6016c32bc48dd54561950ebd6836e1670f2ae46128f67cf49e789c52824", size = 516621 }
wheels = [
    { url = "https://files.pythonhosted.org/packages/6b/f4/927e3a8899e52a27fa57a48607ff7dc91a9ebe97399b357b85a0c7892e00/cffi-1.17.1-cp311-cp311-macosx_10_9_x86_64.whl", hash = "sha256:a45e3c6913c5b87b3ff120dcdc03f6131fa0065027d0ed7ee6190736a74cd401", size = 182264 },
    { url = "https://files.pythonhosted.org/packages/6c/f5/6c3a8efe5f503175aaddcbea6ad0d2c96dad6f5abb205750d1b3df44ef29/cffi-1.17.1-cp311-cp311-macosx_11_0_arm64.whl", hash = "sha256:30c5e0cb5ae493c04c8b42916e52ca38079f1b235c2f8ae5f4527b963c401caf", size = 178651 },
    { url = "https://files.pythonhosted.org/packages/94/dd/a3f0118e688d1b1a57553da23b16bdade96d2f9bcda4d32e7d2838047ff7/cffi-1.17.1-cp311-cp311-manylinux_2_12_i686.manylinux2010_i686.manylinux_2_17_i686.manylinux2014_i686.whl", hash = "sha256:f75c7ab1f9e4aca5414ed4d8e5c0e303a34f4421f8a0d47a4d019ceff0ab6af4", size = 445259 },
    { url = "https://files.pythonhosted.org/packages/2e/ea/70ce63780f096e16ce8588efe039d3c4f91deb1dc01e9c73a287939c79a6/cffi-1.17.1-cp311-cp311-manylinux_2_17_aarch64.manylinux2014_aarch64.whl", hash = "sha256:a1ed2dd2972641495a3ec98445e09766f077aee98a1c896dcb4ad0d303628e41", size = 469200 },
    { url = "https://files.pythonhosted.org/packages/1c/a0/a4fa9f4f781bda074c3ddd57a572b060fa0df7655d2a4247bbe277200146/cffi-1.17.1-cp311-cp311-manylinux_2_17_ppc64le.manylinux2014_ppc64le.whl", hash = "sha256:46bf43160c1a35f7ec506d254e5c890f3c03648a4dbac12d624e4490a7046cd1", size = 477235 },
    { url = "https://files.pythonhosted.org/packages/62/12/ce8710b5b8affbcdd5c6e367217c242524ad17a02fe5beec3ee339f69f85/cffi-1.17.1-cp311-cp311-manylinux_2_17_s390x.manylinux2014_s390x.whl", hash = "sha256:a24ed04c8ffd54b0729c07cee15a81d964e6fee0e3d4d342a27b020d22959dc6", size = 459721 },
    { url = "https://files.pythonhosted.org/packages/ff/6b/d45873c5e0242196f042d555526f92aa9e0c32355a1be1ff8c27f077fd37/cffi-1.17.1-cp311-cp311-manylinux_2_17_x86_64.manylinux2014_x86_64.whl", hash = "sha256:610faea79c43e44c71e1ec53a554553fa22321b65fae24889706c0a84d4ad86d", size = 467242 },
    { url = "https://files.pythonhosted.org/packages/1a/52/d9a0e523a572fbccf2955f5abe883cfa8bcc570d7faeee06336fbd50c9fc/cffi-1.17.1-cp311-cp311-musllinux_1_1_aarch64.whl", hash = "sha256:a9b15d491f3ad5d692e11f6b71f7857e7835eb677955c00cc0aefcd0669adaf6", size = 477999 },
    { url = "https://files.pythonhosted.org/packages/44/74/f2a2460684a1a2d00ca799ad880d54652841a780c4c97b87754f660c7603/cffi-1.17.1-cp311-cp311-musllinux_1_1_i686.whl", hash = "sha256:de2ea4b5833625383e464549fec1bc395c1bdeeb5f25c4a3a82b5a8c756ec22f", size = 454242 },
    { url = "https://files.pythonhosted.org/packages/f8/4a/34599cac7dfcd888ff54e801afe06a19c17787dfd94495ab0c8d35fe99fb/cffi-1.17.1-cp311-cp311-musllinux_1_1_x86_64.whl", hash = "sha256:fc48c783f9c87e60831201f2cce7f3b2e4846bf4d8728eabe54d60700b318a0b", size = 478604 },
    { url = "https://files.pythonhosted.org/packages/34/33/e1b8a1ba29025adbdcda5fb3a36f94c03d771c1b7b12f726ff7fef2ebe36/cffi-1.17.1-cp311-cp311-win32.whl", hash = "sha256:85a950a4ac9c359340d5963966e3e0a94a676bd6245a4b55bc43949eee26a655", size = 171727 },
    { url = "https://files.pythonhosted.org/packages/3d/97/50228be003bb2802627d28ec0627837ac0bf35c90cf769812056f235b2d1/cffi-1.17.1-cp311-cp311-win_amd64.whl", hash = "sha256:caaf0640ef5f5517f49bc275eca1406b0ffa6aa184892812030f04c2abf589a0", size = 181400 },
    { url = "https://files.pythonhosted.org/packages/5a/84/e94227139ee5fb4d600a7a4927f322e1d4aea6fdc50bd3fca8493caba23f/cffi-1.17.1-cp312-cp312-macosx_10_9_x86_64.whl", hash = "sha256:805b4371bf7197c329fcb3ead37e710d1bca9da5d583f5073b799d5c5bd1eee4", size = 183178 },
    { url = "https://files.pythonhosted.org/packages/da/ee/fb72c2b48656111c4ef27f0f91da355e130a923473bf5ee75c5643d00cca/cffi-1.17.1-cp312-cp312-macosx_11_0_arm64.whl", hash = "sha256:733e99bc2df47476e3848417c5a4540522f234dfd4ef3ab7fafdf555b082ec0c", size = 178840 },
    { url = "https://files.pythonhosted.org/packages/cc/b6/db007700f67d151abadf508cbfd6a1884f57eab90b1bb985c4c8c02b0f28/cffi-1.17.1-cp312-cp312-manylinux_2_12_i686.manylinux2010_i686.manylinux_2_17_i686.manylinux2014_i686.whl", hash = "sha256:1257bdabf294dceb59f5e70c64a3e2f462c30c7ad68092d01bbbfb1c16b1ba36", size = 454803 },
    { url = "https://files.pythonhosted.org/packages/1a/df/f8d151540d8c200eb1c6fba8cd0dfd40904f1b0682ea705c36e6c2e97ab3/cffi-1.17.1-cp312-cp312-manylinux_2_17_aarch64.manylinux2014_aarch64.whl", hash = "sha256:da95af8214998d77a98cc14e3a3bd00aa191526343078b530ceb0bd710fb48a5", size = 478850 },
    { url = "https://files.pythonhosted.org/packages/28/c0/b31116332a547fd2677ae5b78a2ef662dfc8023d67f41b2a83f7c2aa78b1/cffi-1.17.1-cp312-cp312-manylinux_2_17_ppc64le.manylinux2014_ppc64le.whl", hash = "sha256:d63afe322132c194cf832bfec0dc69a99fb9bb6bbd550f161a49e9e855cc78ff", size = 485729 },
    { url = "https://files.pythonhosted.org/packages/91/2b/9a1ddfa5c7f13cab007a2c9cc295b70fbbda7cb10a286aa6810338e60ea1/cffi-1.17.1-cp312-cp312-manylinux_2_17_s390x.manylinux2014_s390x.whl", hash = "sha256:f79fc4fc25f1c8698ff97788206bb3c2598949bfe0fef03d299eb1b5356ada99", size = 471256 },
    { url = "https://files.pythonhosted.org/packages/b2/d5/da47df7004cb17e4955df6a43d14b3b4ae77737dff8bf7f8f333196717bf/cffi-1.17.1-cp312-cp312-manylinux_2_17_x86_64.manylinux2014_x86_64.whl", hash = "sha256:b62ce867176a75d03a665bad002af8e6d54644fad99a3c70905c543130e39d93", size = 479424 },
    { url = "https://files.pythonhosted.org/packages/0b/ac/2a28bcf513e93a219c8a4e8e125534f4f6db03e3179ba1c45e949b76212c/cffi-1.17.1-cp312-cp312-musllinux_1_1_aarch64.whl", hash = "sha256:386c8bf53c502fff58903061338ce4f4950cbdcb23e2902d86c0f722b786bbe3", size = 484568 },
    { url = "https://files.pythonhosted.org/packages/d4/38/ca8a4f639065f14ae0f1d9751e70447a261f1a30fa7547a828ae08142465/cffi-1.17.1-cp312-cp312-musllinux_1_1_x86_64.whl", hash = "sha256:4ceb10419a9adf4460ea14cfd6bc43d08701f0835e979bf821052f1805850fe8", size = 488736 },
    { url = "https://files.pythonhosted.org/packages/86/c5/28b2d6f799ec0bdecf44dced2ec5ed43e0eb63097b0f58c293583b406582/cffi-1.17.1-cp312-cp312-win32.whl", hash = "sha256:a08d7e755f8ed21095a310a693525137cfe756ce62d066e53f502a83dc550f65", size = 172448 },
    { url = "https://files.pythonhosted.org/packages/50/b9/db34c4755a7bd1cb2d1603ac3863f22bcecbd1ba29e5ee841a4bc510b294/cffi-1.17.1-cp312-cp312-win_amd64.whl", hash = "sha256:51392eae71afec0d0c8fb1a53b204dbb3bcabcb3c9b807eedf3e1e6ccf2de903", size = 181976 },
    { url = "https://files.pythonhosted.org/packages/8d/f8/dd6c246b148639254dad4d6803eb6a54e8c85c6e11ec9df2cffa87571dbe/cffi-1.17.1-cp313-cp313-macosx_10_13_x86_64.whl", hash = "sha256:f3a2b4222ce6b60e2e8b337bb9596923045681d71e5a082783484d845390938e", size = 182989 },
    { url = "https://files.pythonhosted.org/packages/8b/f1/672d303ddf17c24fc83afd712316fda78dc6fce1cd53011b839483e1ecc8/cffi-1.17.1-cp313-cp313-macosx_11_0_arm64.whl", hash = "sha256:0984a4925a435b1da406122d4d7968dd861c1385afe3b45ba82b750f229811e2", size = 178802 },
    { url = "https://files.pythonhosted.org/packages/0e/2d/eab2e858a91fdff70533cab61dcff4a1f55ec60425832ddfdc9cd36bc8af/cffi-1.17.1-cp313-cp313-manylinux_2_12_i686.manylinux2010_i686.manylinux_2_17_i686.manylinux2014_i686.whl", hash = "sha256:d01b12eeeb4427d3110de311e1774046ad344f5b1a7403101878976ecd7a10f3", size = 454792 },
    { url = "https://files.pythonhosted.org/packages/75/b2/fbaec7c4455c604e29388d55599b99ebcc250a60050610fadde58932b7ee/cffi-1.17.1-cp313-cp313-manylinux_2_17_aarch64.manylinux2014_aarch64.whl", hash = "sha256:706510fe141c86a69c8ddc029c7910003a17353970cff3b904ff0686a5927683", size = 478893 },
    { url = "https://files.pythonhosted.org/packages/4f/b7/6e4a2162178bf1935c336d4da8a9352cccab4d3a5d7914065490f08c0690/cffi-1.17.1-cp313-cp313-manylinux_2_17_ppc64le.manylinux2014_ppc64le.whl", hash = "sha256:de55b766c7aa2e2a3092c51e0483d700341182f08e67c63630d5b6f200bb28e5", size = 485810 },
    { url = "https://files.pythonhosted.org/packages/c7/8a/1d0e4a9c26e54746dc08c2c6c037889124d4f59dffd853a659fa545f1b40/cffi-1.17.1-cp313-cp313-manylinux_2_17_s390x.manylinux2014_s390x.whl", hash = "sha256:c59d6e989d07460165cc5ad3c61f9fd8f1b4796eacbd81cee78957842b834af4", size = 471200 },
    { url = "https://files.pythonhosted.org/packages/26/9f/1aab65a6c0db35f43c4d1b4f580e8df53914310afc10ae0397d29d697af4/cffi-1.17.1-cp313-cp313-manylinux_2_17_x86_64.manylinux2014_x86_64.whl", hash = "sha256:dd398dbc6773384a17fe0d3e7eeb8d1a21c2200473ee6806bb5e6a8e62bb73dd", size = 479447 },
    { url = "https://files.pythonhosted.org/packages/5f/e4/fb8b3dd8dc0e98edf1135ff067ae070bb32ef9d509d6cb0f538cd6f7483f/cffi-1.17.1-cp313-cp313-musllinux_1_1_aarch64.whl", hash = "sha256:3edc8d958eb099c634dace3c7e16560ae474aa3803a5df240542b305d14e14ed", size = 484358 },
    { url = "https://files.pythonhosted.org/packages/f1/47/d7145bf2dc04684935d57d67dff9d6d795b2ba2796806bb109864be3a151/cffi-1.17.1-cp313-cp313-musllinux_1_1_x86_64.whl", hash = "sha256:72e72408cad3d5419375fc87d289076ee319835bdfa2caad331e377589aebba9", size = 488469 },
    { url = "https://files.pythonhosted.org/packages/bf/ee/f94057fa6426481d663b88637a9a10e859e492c73d0384514a17d78ee205/cffi-1.17.1-cp313-cp313-win32.whl", hash = "sha256:e03eab0a8677fa80d646b5ddece1cbeaf556c313dcfac435ba11f107ba117b5d", size = 172475 },
    { url = "https://files.pythonhosted.org/packages/7c/fc/6a8cb64e5f0324877d503c854da15d76c1e50eb722e320b15345c4d0c6de/cffi-1.17.1-cp313-cp313-win_amd64.whl", hash = "sha256:f6a16c31041f09ead72d69f583767292f750d24913dadacf5756b966aacb3f1a", size = 182009 },
]

[[package]]
name = "disposable-email-validator"
version = "0.0.8"
source = { registry = "https://pypi.org/simple" }
sdist = { url = "https://files.pythonhosted.org/packages/d5/2c/d038243d9d93746aa9d2531ed5e86f9ab673452354a95474c48ff9164cb4/disposable_email_validator-0.0.8.tar.gz", hash = "sha256:aa8387416adc2d1a4e53165af9bb50414a32ebe6bdcfddc7b29fb70dc1c158ae", size = 228075 }
wheels = [
    { url = "https://files.pythonhosted.org/packages/2c/a1/0a746131915653899ae1ed7e18da674e03e5c78084735a4ae732c1ddb883/disposable_email_validator-0.0.8-py3-none-any.whl", hash = "sha256:11d82d5ae5788542d6aa7a6c2372ac15366f85a1917b2d37cc1e10e191da727d", size = 454419 },
]

[[package]]
name = "phonenumbers"
version = "9.0.8"
source = { registry = "https://pypi.org/simple" }
sdist = { url = "https://files.pythonhosted.org/packages/86/3a/8dd1d5e15ac347db59a43fc623638d8088f9d511e7f8d8eec7d90b3abb4f/phonenumbers-9.0.8.tar.gz", hash = "sha256:16f03f2cf65b5eee99ed25827d810febcab92b5d76f977e425fcd2e4ca6d4865", size = 2297504 }
wheels = [
    { url = "https://files.pythonhosted.org/packages/48/2e/23c1eca9f73e332b947c66c431690672783cf49b8418aa650ce06bdf6115/phonenumbers-9.0.8-py2.py3-none-any.whl", hash = "sha256:53d357111c0ead0d6408ae443613b18d3a053431ca1ddf7e881457c0969afcf9", size = 2583252 },
]

[[package]]
name = "pycares"
version = "4.9.0"
source = { registry = "https://pypi.org/simple" }
dependencies = [
    { name = "cffi" },
]
sdist = { url = "https://files.pythonhosted.org/packages/f5/37/4d4f8ac929e98aad64781f37d9429e82ba65372fc89da0473cdbecdbbb03/pycares-4.9.0.tar.gz", hash = "sha256:8ee484ddb23dbec4d88d14ed5b6d592c1960d2e93c385d5e52b6fad564d82395", size = 655365 }
wheels = [
    { url = "https://files.pythonhosted.org/packages/3a/34/6ce1d521c41cb99ac3ec550f8590e122a749d9999cb7020259a93b987b6f/pycares-4.9.0-cp311-cp311-macosx_10_9_x86_64.whl", hash = "sha256:16a97ee83ec60d35c7f716f117719932c27d428b1bb56b242ba1c4aa55521747", size = 145616 },
    { url = "https://files.pythonhosted.org/packages/fe/fd/0c533533c8805ca85dfa6a5f5a91cc776bb817b7e2cf05dffefd3c98ab55/pycares-4.9.0-cp311-cp311-macosx_11_0_arm64.whl", hash = "sha256:78748521423a211ce699a50c27cc5c19e98b7db610ccea98daad652ace373990", size = 140703 },
    { url = "https://files.pythonhosted.org/packages/c0/1b/0e9082d27ba1c3c5795c30d8edfb8dd57fe1f8e18cd7d70673325b8be693/pycares-4.9.0-cp311-cp311-manylinux_2_12_i686.manylinux2010_i686.manylinux_2_17_i686.manylinux2014_i686.whl", hash = "sha256:8818b2c7a57d9d6d41e8b64d9ff87992b8ea2522fc0799686725228bc3cff6c5", size = 586801 },
    { url = "https://files.pythonhosted.org/packages/3a/b7/1c137a3df0d992cbc292116ed4ad369d39fdfc504fe8c63427e42147f8fd/pycares-4.9.0-cp311-cp311-manylinux_2_17_aarch64.manylinux2014_aarch64.whl", hash = "sha256:96df8990f16013ca5194d6ece19dddb4ef9cd7c3efaab9f196ec3ccd44b40f8d", size = 627231 },
    { url = "https://files.pythonhosted.org/packages/86/24/9f27732c0b6ebb36eb1d01e9bccff7f2540ae2c9e2a06987e762372132f6/pycares-4.9.0-cp311-cp311-manylinux_2_17_ppc64le.manylinux2014_ppc64le.whl", hash = "sha256:61af86fd58b8326e723b0d20fb96b56acaec2261c3a7c9a1c29d0a79659d613a", size = 665185 },
    { url = "https://files.pythonhosted.org/packages/ce/f5/474438dd01f5deaddb4107d2106fc9e35c53b2fdfa48da85532cc9295f25/pycares-4.9.0-cp311-cp311-manylinux_2_17_s390x.manylinux2014_s390x.whl", hash = "sha256:ec72edb276bda559813cc807bc47b423d409ffab2402417a5381077e9c2c6be1", size = 647498 },
    { url = "https://files.pythonhosted.org/packages/26/ae/9504d5b773e6d9c7da9ed324e3074d3b842a5db265994dd819f5469f367c/pycares-4.9.0-cp311-cp311-manylinux_2_17_x86_64.manylinux2014_x86_64.whl", hash = "sha256:832fb122c7376c76cab62f8862fa5e398b9575fb7c9ff6bc9811086441ee64ca", size = 627953 },
    { url = "https://files.pythonhosted.org/packages/54/74/30eaa7168fec4c6df906201f89cfaa47a4319ed5df4fbcaee5efbbfb1c3c/pycares-4.9.0-cp311-cp311-musllinux_1_2_aarch64.whl", hash = "sha256:cdcfaef24f771a471671470ccfd676c0366ab6b0616fd8217b8f356c40a02b83", size = 626202 },
    { url = "https://files.pythonhosted.org/packages/16/25/97ce60be2e71a12b0fdc045144b3aa800ef6acef76727407344d12fe2c62/pycares-4.9.0-cp311-cp311-musllinux_1_2_i686.whl", hash = "sha256:52cb056d06ff55d78a8665b97ae948abaaba2ca200ca59b10346d4526bce1e7d", size = 595945 },
    { url = "https://files.pythonhosted.org/packages/b8/a5/1882f565e0ffb1129d3b976aac1fdc3542f5bfa6524151abc95c473dc607/pycares-4.9.0-cp311-cp311-musllinux_1_2_ppc64le.whl", hash = "sha256:54985ed3f2e8a87315269f24cb73441622857a7830adfc3a27c675a94c3261c1", size = 671998 },
    { url = "https://files.pythonhosted.org/packages/d6/4e/721dae2c2bdeea3f7038dbe1c77c2405540ec3c4123c9468471b180fcabe/pycares-4.9.0-cp311-cp311-musllinux_1_2_s390x.whl", hash = "sha256:08048e223615d4aef3dac81fe0ea18fb18d6fc97881f1eb5be95bb1379969b8d", size = 655551 },
    { url = "https://files.pythonhosted.org/packages/30/24/b4c2b6a4708dac5f99592f905bc4e20c183ff0c3c9eedc7eaf8468eeae40/pycares-4.9.0-cp311-cp311-musllinux_1_2_x86_64.whl", hash = "sha256:cc60037421ce05a409484287b2cd428e1363cca73c999b5f119936bb8f255208", size = 630862 },
    { url = "https://files.pythonhosted.org/packages/3d/a4/63c3c4e3fdfa58d8e83f2976e4a0715476a1a77bb9032b4d050c689d575e/pycares-4.9.0-cp311-cp311-win32.whl", hash = "sha256:62b86895b60cfb91befb3086caa0792b53f949231c6c0c3053c7dfee3f1386ab", size = 118455 },
    { url = "https://files.pythonhosted.org/packages/71/57/ccd375a8ea6c4e880aa191bbaf63b133e27441725a05f301c1f90eab76cd/pycares-4.9.0-cp311-cp311-win_amd64.whl", hash = "sha256:7046b3c80954beaabf2db52b09c3d6fe85f6c4646af973e61be79d1c51589932", size = 143742 },
    { url = "https://files.pythonhosted.org/packages/9d/15/3fc962b2b8b38d5e916f42ba20fa2a147ddc181d3bac0665f7f6b8da9854/pycares-4.9.0-cp311-cp311-win_arm64.whl", hash = "sha256:fcbda3fdf44e94d3962ca74e6ba3dc18c0d7029106f030d61c04c0876f319403", size = 115635 },
    { url = "https://files.pythonhosted.org/packages/75/96/9b147e40873ae3253a06e3080674c7fdd62ee3e7cbf7b47f43cd213db638/pycares-4.9.0-cp312-cp312-macosx_10_13_x86_64.whl", hash = "sha256:d68ca2da1001aeccdc81c4a2fb1f1f6cfdafd3d00e44e7c1ed93e3e05437f666", size = 145590 },
    { url = "https://files.pythonhosted.org/packages/02/df/94928bb701ee6b84a8a91db4da4b1dd008ece6f62ef58c149a3b410b5a11/pycares-4.9.0-cp312-cp312-macosx_11_0_arm64.whl", hash = "sha256:4f0c8fa5a384d79551a27eafa39eed29529e66ba8fa795ee432ab88d050432a3", size = 140732 },
    { url = "https://files.pythonhosted.org/packages/1c/79/cd7b25ea35e15ae3dd10a1722f228c12abb9d0540a5056c0ce9ed639e29c/pycares-4.9.0-cp312-cp312-manylinux_2_12_i686.manylinux2010_i686.manylinux_2_17_i686.manylinux2014_i686.whl", hash = "sha256:0eb8c428cf3b9c6ff9c641ba50ab6357b4480cd737498733e6169b0ac8a1a89b", size = 587481 },
    { url = "https://files.pythonhosted.org/packages/36/2c/fec91d98028a6c9a60b721238f787b95280c2e760716450834ba28ffdbe9/pycares-4.9.0-cp312-cp312-manylinux_2_17_aarch64.manylinux2014_aarch64.whl", hash = "sha256:6845bd4a43abf6dab7fedbf024ef458ac3750a25b25076ea9913e5ac5fec4548", size = 628295 },
    { url = "https://files.pythonhosted.org/packages/26/27/aee4cfb25f285fe7d9c26be55a39f1605a63f947fcd0e65ae65cbfcfda3d/pycares-4.9.0-cp312-cp312-manylinux_2_17_ppc64le.manylinux2014_ppc64le.whl", hash = "sha256:5e28f4acc3b97e46610cf164665ebf914f709daea6ced0ca4358ce55bc1c3d6b", size = 665519 },
    { url = "https://files.pythonhosted.org/packages/fa/61/97352377482512b379f1898fe2de038fa6d6774343423d1c03022a033f6b/pycares-4.9.0-cp312-cp312-manylinux_2_17_s390x.manylinux2014_s390x.whl", hash = "sha256:9464a39861840ce35a79352c34d653a9db44f9333af7c9feddb97998d3e00c07", size = 648274 },
    { url = "https://files.pythonhosted.org/packages/40/bf/38779a4097d2d840b1f3f9ffa417d5b546dcba0702c8c73909bcb53d4965/pycares-4.9.0-cp312-cp312-manylinux_2_17_x86_64.manylinux2014_x86_64.whl", hash = "sha256:e0611c1bd46d1fc6bdd9305b8850eb84c77df485769f72c574ed7b8389dfbee2", size = 629257 },
    { url = "https://files.pythonhosted.org/packages/0a/83/01d18e21a8a70996959c9ce86bca863eebe76fa7bb54ff29b6b7346b898e/pycares-4.9.0-cp312-cp312-musllinux_1_2_aarch64.whl", hash = "sha256:d4fb5a38a51d03b75ac4320357e632c2e72e03fdeb13263ee333a40621415fdc", size = 621130 },
    { url = "https://files.pythonhosted.org/packages/54/08/8755dbe628e0335231e975abc47114b444b79eace488446dffd7667f3b22/pycares-4.9.0-cp312-cp312-musllinux_1_2_i686.whl", hash = "sha256:df5edae05fb3e1370ab7639e67e8891fdaa9026cb10f05dbd57893713f7a9cfe", size = 593493 },
    { url = "https://files.pythonhosted.org/packages/63/21/50db3e05eded5442b7c8426d8b956bdc5b1c210f14c8a22b6d01e6b81700/pycares-4.9.0-cp312-cp312-musllinux_1_2_ppc64le.whl", hash = "sha256:397123ea53d261007bb0aa7e767ef238778f45026db40bed8196436da2cc73de", size = 669045 },
    { url = "https://files.pythonhosted.org/packages/9b/fc/139fc9a9ba32fd6052e50cbcae00bd7a2be60bdbf4555b5aae9a113f6f8c/pycares-4.9.0-cp312-cp312-musllinux_1_2_s390x.whl", hash = "sha256:bb0d874d0b131b29894fd8a0f842be91ac21d50f90ec04cff4bb3f598464b523", size = 652084 },
    { url = "https://files.pythonhosted.org/packages/3d/bc/513a6c0d73dddaf3b17be9aee865b60b608cc6acb80f7da1a33a85608e85/pycares-4.9.0-cp312-cp312-musllinux_1_2_x86_64.whl", hash = "sha256:497cc03a61ec1585eb17d2cb086a29a6a67d24babf1e9be519b47222916a3b06", size = 628361 },
    { url = "https://files.pythonhosted.org/packages/93/ea/852ecd06739e0c54d2dea1935ff8bebbd7ca598fb98293700213b137e955/pycares-4.9.0-cp312-cp312-win32.whl", hash = "sha256:b46e46313fdb5e82da15478652aac0fd15e1c9f33e08153bad845aa4007d6f84", size = 118511 },
    { url = "https://files.pythonhosted.org/packages/ff/34/8cb69f8ac128d3a8635995c4ef9192dbe75a88e22794d9f466813229d782/pycares-4.9.0-cp312-cp312-win_amd64.whl", hash = "sha256:12547a06445777091605a7581da15a0da158058beb8a05a3ebbf7301fd1f58d4", size = 143744 },
    { url = "https://files.pythonhosted.org/packages/12/e8/510cc7100b452443bb00785e0489b55694e61668cc14bb35801797218be7/pycares-4.9.0-cp312-cp312-win_arm64.whl", hash = "sha256:f1e10bf1e8eb80b08e5c828627dba1ebc4acd54803bd0a27d92b9063b6aa99d8", size = 115641 },
    { url = "https://files.pythonhosted.org/packages/10/da/e0240d156c6089bf2b38afd01600fe9db8b1dd6e53fb776f1dca020b1124/pycares-4.9.0-cp313-cp313-macosx_10_13_x86_64.whl", hash = "sha256:574d815112a95ab09d75d0a9dc7dea737c06985e3125cf31c32ba6a3ed6ca006", size = 145589 },
    { url = "https://files.pythonhosted.org/packages/27/c5/1d4abd1a33b7fbd4dc0e854fcd6c76c4236bdfe1359dafb0a8349694462d/pycares-4.9.0-cp313-cp313-macosx_11_0_arm64.whl", hash = "sha256:50e5ab06361d59625a27a7ad93d27e067dc7c9f6aa529a07d691eb17f3b43605", size = 140730 },
    { url = "https://files.pythonhosted.org/packages/24/4d/3ff037cd7fb7a6d9f1bf4289b96ff2d6ac59d098f02bbf3b18cb0a0ab576/pycares-4.9.0-cp313-cp313-manylinux_2_12_i686.manylinux2010_i686.manylinux_2_17_i686.manylinux2014_i686.whl", hash = "sha256:785f5fd11ff40237d9bc8afa441551bb449e2812c74334d1d10859569e07515c", size = 587384 },
    { url = "https://files.pythonhosted.org/packages/66/92/be8f527017769148687e45a4e5afd8d849aee2b145cda59003ad5a531aaf/pycares-4.9.0-cp313-cp313-manylinux_2_17_aarch64.manylinux2014_aarch64.whl", hash = "sha256:e194a500e403eba89b91fb863c917495c5b3dfcd1ce0ee8dc3a6f99a1360e2fc", size = 628273 },
    { url = "https://files.pythonhosted.org/packages/a7/8d/e88cfdd08f7065ae52817b930834964320d0e43955f6ac68d2ab35728912/pycares-4.9.0-cp313-cp313-manylinux_2_17_ppc64le.manylinux2014_ppc64le.whl", hash = "sha256:112dd49cdec4e6150a8d95b197e8b6b7b4468a3170b30738ed9b248cb2240c04", size = 665481 },
    { url = "https://files.pythonhosted.org/packages/e0/9d/a2661f9c8e1e7fa842586d7b24710e78f068d26f768eea7a7437c249a2f6/pycares-4.9.0-cp313-cp313-manylinux_2_17_s390x.manylinux2014_s390x.whl", hash = "sha256:94aa3c2f3eb0aa69160137134775501f06c901188e722aac63d2a210d4084f99", size = 648157 },
    { url = "https://files.pythonhosted.org/packages/43/b9/d04ea1de2a7d4e8a00b2b00a0ee94d7b0434f00eb55f5941ffa287c1dab2/pycares-4.9.0-cp313-cp313-manylinux_2_17_x86_64.manylinux2014_x86_64.whl", hash = "sha256:b510d71255cf5a92ccc2643a553548fcb0623d6ed11c8c633b421d99d7fa4167", size = 629244 },
    { url = "https://files.pythonhosted.org/packages/d9/c8/7f81ccdd856ddc383d3f82708b4f4022761640f3baec6d233549960348b8/pycares-4.9.0-cp313-cp313-musllinux_1_2_aarch64.whl", hash = "sha256:5c6aa30b1492b8130f7832bf95178642c710ce6b7ba610c2b17377f77177e3cd", size = 621120 },
    { url = "https://files.pythonhosted.org/packages/fd/96/9386654a244caafd77748e626da487f1a56f831e3db5ef1337410be3e5f6/pycares-4.9.0-cp313-cp313-musllinux_1_2_i686.whl", hash = "sha256:e5767988e044faffe2aff6a76aa08df99a8b6ef2641be8b00ea16334ce5dea93", size = 593493 },
    { url = "https://files.pythonhosted.org/packages/76/bd/73286f329d03fef071e8517076dc62487e4478a3c85c4c59d652e6a663e5/pycares-4.9.0-cp313-cp313-musllinux_1_2_ppc64le.whl", hash = "sha256:b9928a942820a82daa3207509eaba9e0fa9660756ac56667ec2e062815331fcb", size = 669086 },
    { url = "https://files.pythonhosted.org/packages/2f/2a/0f623426225828f2793c3f86463ef72f6ecf6df12fe240a4e68435e8212f/pycares-4.9.0-cp313-cp313-musllinux_1_2_s390x.whl", hash = "sha256:556c854174da76d544714cdfab10745ed5d4b99eec5899f7b13988cd26ff4763", size = 652103 },
    { url = "https://files.pythonhosted.org/packages/04/d8/7db6eee011f414f21e3d53a0ad81593baa87a332403d781c2f86d3eef315/pycares-4.9.0-cp313-cp313-musllinux_1_2_x86_64.whl", hash = "sha256:d42e2202ca9aa9a0a9a6e43a4a4408bbe0311aaa44800fa27b8fd7f82b20152a", size = 628373 },
    { url = "https://files.pythonhosted.org/packages/72/a4/1a9b96678afb4f31651885129fbfa2cd44e78a438fd545c7b8d317a1f381/pycares-4.9.0-cp313-cp313-win32.whl", hash = "sha256:cce8ef72c9ed4982c84114e6148a4e42e989d745de7862a0ad8b3f1cdc05def2", size = 118511 },
    { url = "https://files.pythonhosted.org/packages/79/e4/6724c71a08a91f2685ca60ca35d7950c187a2d79a776461130a6cb5b0d5e/pycares-4.9.0-cp313-cp313-win_amd64.whl", hash = "sha256:318cdf24f826f1d2f0c5a988730bd597e1683296628c8f1be1a5b96643c284fe", size = 143746 },
    { url = "https://files.pythonhosted.org/packages/ee/f8/b4d4bf71ae92727a0b3a9b9092c2e722833c1ca50ebd0414824843cb84fd/pycares-4.9.0-cp313-cp313-win_arm64.whl", hash = "sha256:faa9de8e647ed06757a2c117b70a7645a755561def814da6aca0d766cf71a402", size = 115646 },
]

[[package]]
name = "pycparser"
version = "2.22"
source = { registry = "https://pypi.org/simple" }
sdist = { url = "https://files.pythonhosted.org/packages/1d/b2/31537cf4b1ca988837256c910a668b553fceb8f069bedc4b1c826024b52c/pycparser-2.22.tar.gz", hash = "sha256:491c8be9c040f5390f5bf44a5b07752bd07f56edf992381b05c701439eec10f6", size = 172736 }
wheels = [
    { url = "https://files.pythonhosted.org/packages/13/a3/a812df4e2dd5696d1f351d58b8fe16a405b234ad2886a0dab9183fb78109/pycparser-2.22-py3-none-any.whl", hash = "sha256:c3702b6d3dd8c7abc1afa565d7e63d53a1d0bd86cdc24edd75470f4de499cfcc", size = 117552 },
]

[[package]]
name = "repl-nix-workspace"
version = "0.1.0"
source = { virtual = "." }
dependencies = [
    { name = "disposable-email-validator" },
    { name = "phonenumbers" },
    { name = "verify-email" },
]

[package.metadata]
requires-dist = [
    { name = "disposable-email-validator", specifier = ">=0.0.8" },
    { name = "phonenumbers", specifier = ">=9.0.8" },
    { name = "verify-email", specifier = ">=2.4.3" },
]

[[package]]
name = "verify-email"
version = "2.4.3"
source = { registry = "https://pypi.org/simple" }
dependencies = [
    { name = "aiodns" },
    { name = "aiosmtpd" },
]
sdist = { url = "https://files.pythonhosted.org/packages/8a/a8/b62d8c747ace8ba1b52b199f031c616c34eda907f530e3504038246d60ed/verify_email-2.4.3.tar.gz", hash = "sha256:133d31b467add344fc5bd4df5d57111698c67b8406368b29de4bbff20bb95c11", size = 4338 }
wheels = [
    { url = "https://files.pythonhosted.org/packages/c1/89/a126dd635b9ce690ed1f3c97322a2c7167c1d05f10761529a27647479a5e/verify_email-2.4.3-py3-none-any.whl", hash = "sha256:d6c43060f6d4121be98d2ed94b64164772dba65c91ac93bc3650239349ded577", size = 5869 },
]
